
Microsoft Visual Studio Solution File, Format Version 12.00
# Visual Studio Version 17
VisualStudioVersion = 17.5.002.0
MinimumVisualStudioVersion = 10.0.40219.1
Project("{2150E333-8FDC-42A3-9474-1A3956D46DE8}") = "WebAppCafeteria", "WebAppCafeteria", "{50FDDE72-CFB6-43A4-88AA-FF294C1324FD}"
EndProject
Project("{9A19103F-16F7-4668-BE54-9A1E7A4F7556}") = "MvcCafeteria", "WebAppCafeteria\MvcCafeteria\MvcCafeteria.csproj", "{A777FFD3-8EA1-46E8-A7A4-39E00CBF914D}"
EndProject
Global
	GlobalSection(SolutionConfigurationPlatforms) = preSolution
		Debug|Any CPU = Debug|Any CPU
		Release|Any CPU = Release|Any CPU
	EndGlobalSection
	GlobalSection(ProjectConfigurationPlatforms) = postSolution
		{A777FFD3-8EA1-46E8-A7A4-39E00CBF914D}.Debug|Any CPU.ActiveCfg = Debug|Any CPU
		{A777FFD3-8EA1-46E8-A7A4-39E00CBF914D}.Debug|Any CPU.Build.0 = Debug|Any CPU
		{A777FFD3-8EA1-46E8-A7A4-39E00CBF914D}.Release|Any CPU.ActiveCfg = Release|Any CPU
		{A777FFD3-8EA1-46E8-A7A4-39E00CBF914D}.Release|Any CPU.Build.0 = Release|Any CPU
	EndGlobalSection
	GlobalSection(SolutionProperties) = preSolution
		HideSolutionNode = FALSE
	EndGlobalSection
	GlobalSection(NestedProjects) = preSolution
		{A777FFD3-8EA1-46E8-A7A4-39E00CBF914D} = {50FDDE72-CFB6-43A4-88AA-FF294C1324FD}
	EndGlobalSection
	GlobalSection(ExtensibilityGlobals) = postSolution
		SolutionGuid = {32D86833-19E9-4A46-A35D-AF55FADA7471}
	EndGlobalSection
EndGlobal
