
Microsoft Visual Studio Solution File, Format Version 12.00
# Visual Studio Version 17
VisualStudioVersion = 17.5.002.0
MinimumVisualStudioVersion = 10.0.40219.1
Project("{9A19103F-16F7-4668-BE54-9A1E7A4F7556}") = "Cafeteria", "Cafeteria.csproj", "{4770A5AA-A8BC-4C6E-91CD-A7DF344CD3EC}"
EndProject
Global
	GlobalSection(SolutionConfigurationPlatforms) = preSolution
		Debug|Any CPU = Debug|Any CPU
		Release|Any CPU = Release|Any CPU
	EndGlobalSection
	GlobalSection(ProjectConfigurationPlatforms) = postSolution
		{4770A5AA-A8BC-4C6E-91CD-A7DF344CD3EC}.Debug|Any CPU.ActiveCfg = Debug|Any CPU
		{4770A5AA-A8BC-4C6E-91CD-A7DF344CD3EC}.Debug|Any CPU.Build.0 = Debug|Any CPU
		{4770A5AA-A8BC-4C6E-91CD-A7DF344CD3EC}.Release|Any CPU.ActiveCfg = Release|Any CPU
		{4770A5AA-A8BC-4C6E-91CD-A7DF344CD3EC}.Release|Any CPU.Build.0 = Release|Any CPU
	EndGlobalSection
	GlobalSection(SolutionProperties) = preSolution
		HideSolutionNode = FALSE
	EndGlobalSection
	GlobalSection(ExtensibilityGlobals) = postSolution
		SolutionGuid = {94C56034-2A0F-40F0-A944-3533AA17F7EC}
	EndGlobalSection
EndGlobal
